
Microsoft Visual Studio Solution File, Format Version 12.00
# Visual Studio Version 17
VisualStudioVersion = 17.3.32922.545
MinimumVisualStudioVersion = 10.0.40219.1
Project("{54A90642-561A-4BB1-A94E-469ADEE60C69}") = "vueproject1", "vueproject1\vueproject1.esproj", "{939A48B4-C1EC-4D2E-97C2-04554E97C28B}"
EndProject
Project("{FAE04EC0-301F-11D3-BF4B-00C04F79EFBC}") = "APICSarp", "APICSarp\APICSarp.csproj", "{8258BF7A-F8EC-499E-9B15-4751499CE242}"
EndProject
Global
	GlobalSection(SolutionConfigurationPlatforms) = preSolution
		Debug|Any CPU = Debug|Any CPU
		Release|Any CPU = Release|Any CPU
	EndGlobalSection
	GlobalSection(ProjectConfigurationPlatforms) = postSolution
		{939A48B4-C1EC-4D2E-97C2-04554E97C28B}.Debug|Any CPU.ActiveCfg = Debug|Any CPU
		{939A48B4-C1EC-4D2E-97C2-04554E97C28B}.Debug|Any CPU.Build.0 = Debug|Any CPU
		{939A48B4-C1EC-4D2E-97C2-04554E97C28B}.Debug|Any CPU.Deploy.0 = Debug|Any CPU
		{939A48B4-C1EC-4D2E-97C2-04554E97C28B}.Release|Any CPU.ActiveCfg = Release|Any CPU
		{939A48B4-C1EC-4D2E-97C2-04554E97C28B}.Release|Any CPU.Build.0 = Release|Any CPU
		{939A48B4-C1EC-4D2E-97C2-04554E97C28B}.Release|Any CPU.Deploy.0 = Release|Any CPU
		{8258BF7A-F8EC-499E-9B15-4751499CE242}.Debug|Any CPU.ActiveCfg = Debug|Any CPU
		{8258BF7A-F8EC-499E-9B15-4751499CE242}.Debug|Any CPU.Build.0 = Debug|Any CPU
		{8258BF7A-F8EC-499E-9B15-4751499CE242}.Release|Any CPU.ActiveCfg = Release|Any CPU
		{8258BF7A-F8EC-499E-9B15-4751499CE242}.Release|Any CPU.Build.0 = Release|Any CPU
	EndGlobalSection
	GlobalSection(SolutionProperties) = preSolution
		HideSolutionNode = FALSE
	EndGlobalSection
	GlobalSection(ExtensibilityGlobals) = postSolution
		SolutionGuid = {EE5F5CDF-E965-41CC-AC3C-404E758665C7}
	EndGlobalSection
EndGlobal
